
Microsoft Visual Studio Solution File, Format Version 12.00
# Visual Studio Version 16
VisualStudioVersion = 16.0.30309.148
MinimumVisualStudioVersion = 10.0.40219.1
Project("{FAE04EC0-301F-11D3-BF4B-00C04F79EFBC}") = "TheHeist", "TheHeist\TheHeist.csproj", "{062ADDAA-56C2-4E2E-812E-3A0078CBBC4A}"
EndProject
Global
	GlobalSection(SolutionConfigurationPlatforms) = preSolution
		Debug|Any CPU = Debug|Any CPU
		Release|Any CPU = Release|Any CPU
	EndGlobalSection
	GlobalSection(ProjectConfigurationPlatforms) = postSolution
		{062ADDAA-56C2-4E2E-812E-3A0078CBBC4A}.Debug|Any CPU.ActiveCfg = Debug|Any CPU
		{062ADDAA-56C2-4E2E-812E-3A0078CBBC4A}.Debug|Any CPU.Build.0 = Debug|Any CPU
		{062ADDAA-56C2-4E2E-812E-3A0078CBBC4A}.Release|Any CPU.ActiveCfg = Release|Any CPU
		{062ADDAA-56C2-4E2E-812E-3A0078CBBC4A}.Release|Any CPU.Build.0 = Release|Any CPU
	EndGlobalSection
	GlobalSection(SolutionProperties) = preSolution
		HideSolutionNode = FALSE
	EndGlobalSection
	GlobalSection(ExtensibilityGlobals) = postSolution
		SolutionGuid = {6D382AE5-FB88-4B94-A617-C8461F2BC23F}
	EndGlobalSection
EndGlobal
